// !$*UTF8*$!
{
	archiveVersion = 1;
	classes = {
	};
	objectVersion = 50;
	objects = {

/* Begin PBXBuildFile section */
		56D1719820DA4C370084CDE1 /* AppDelegate.m in Sources */ = {isa = PBXBuildFile; fileRef = 56D1719720DA4C370084CDE1 /* AppDelegate.m */; };
		56D1719B20DA4C370084CDE1 /* ViewController.m in Sources */ = {isa = PBXBuildFile; fileRef = 56D1719A20DA4C370084CDE1 /* ViewController.m */; };
		56D1719E20DA4C370084CDE1 /* Main.storyboard in Resources */ = {isa = PBXBuildFile; fileRef = 56D1719C20DA4C370084CDE1 /* Main.storyboard */; };
		56D171A020DA4C3C0084CDE1 /* Assets.xcassets in Resources */ = {isa = PBXBuildFile; fileRef = 56D1719F20DA4C3C0084CDE1 /* Assets.xcassets */; };
		56D171A320DA4C3C0084CDE1 /* LaunchScreen.storyboard in Resources */ = {isa = PBXBuildFile; fileRef = 56D171A120DA4C3C0084CDE1 /* LaunchScreen.storyboard */; };
		56D171A620DA4C3C0084CDE1 /* main.m in Sources */ = {isa = PBXBuildFile; fileRef = 56D171A520DA4C3C0084CDE1 /* main.m */; };
		56D171B020DA4C3C0084CDE1 /* MyNetWrokingTests.m in Sources */ = {isa = PBXBuildFile; fileRef = 56D171AF20DA4C3C0084CDE1 /* MyNetWrokingTests.m */; };
		56D171BB20DA4C3C0084CDE1 /* MyNetWrokingUITests.m in Sources */ = {isa = PBXBuildFile; fileRef = 56D171BA20DA4C3C0084CDE1 /* MyNetWrokingUITests.m */; };
/* End PBXBuildFile section */

/* Begin PBXContainerItemProxy section */
		56D171AC20DA4C3C0084CDE1 /* PBXContainerItemProxy */ = {
			isa = PBXContainerItemProxy;
			containerPortal = 56D1718B20DA4C370084CDE1 /* Project object */;
			proxyType = 1;
			remoteGlobalIDString = 56D1719220DA4C370084CDE1;
			remoteInfo = MyNetWroking;
		};
		56D171B720DA4C3C0084CDE1 /* PBXContainerItemProxy */ = {
			isa = PBXContainerItemProxy;
			containerPortal = 56D1718B20DA4C370084CDE1 /* Project object */;
			proxyType = 1;
			remoteGlobalIDString = 56D1719220DA4C370084CDE1;
			remoteInfo = MyNetWroking;
		};
/* End PBXContainerItemProxy section */

/* Begin PBXFileReference section */
		56D1719320DA4C370084CDE1 /* MyNetWroking.app */ = {isa = PBXFileReference; explicitFileType = wrapper.application; includeInIndex = 0; path = MyNetWroking.app; sourceTree = BUILT_PRODUCTS_DIR; };
		56D1719620DA4C370084CDE1 /* AppDelegate.h */ = {isa = PBXFileReference; lastKnownFileType = sourcecode.c.h; path = AppDelegate.h; sourceTree = "<group>"; };
		56D1719720DA4C370084CDE1 /* AppDelegate.m */ = {isa = PBXFileReference; lastKnownFileType = sourcecode.c.objc; path = AppDelegate.m; sourceTree = "<group>"; };
		56D1719920DA4C370084CDE1 /* ViewController.h */ = {isa = PBXFileReference; lastKnownFileType = sourcecode.c.h; path = ViewController.h; sourceTree = "<group>"; };
		56D1719A20DA4C370084CDE1 /* ViewController.m */ = {isa = PBXFileReference; lastKnownFileType = sourcecode.c.objc; path = ViewController.m; sourceTree = "<group>"; };
		56D1719D20DA4C370084CDE1 /* Base */ = {isa = PBXFileReference; lastKnownFileType = file.storyboard; name = Base; path = Base.lproj/Main.storyboard; sourceTree = "<group>"; };
		56D1719F20DA4C3C0084CDE1 /* Assets.xcassets */ = {isa = PBXFileReference; lastKnownFileType = folder.assetcatalog; path = Assets.xcassets; sourceTree = "<group>"; };
		56D171A220DA4C3C0084CDE1 /* Base */ = {isa = PBXFileReference; lastKnownFileType = file.storyboard; name = Base; path = Base.lproj/LaunchScreen.storyboard; sourceTree = "<group>"; };
		56D171A420DA4C3C0084CDE1 /* Info.plist */ = {isa = PBXFileReference; lastKnownFileType = text.plist.xml; path = Info.plist; sourceTree = "<group>"; };
		56D171A520DA4C3C0084CDE1 /* main.m */ = {isa = PBXFileReference; lastKnownFileType = sourcecode.c.objc; path = main.m; sourceTree = "<group>"; };
		56D171AB20DA4C3C0084CDE1 /* MyNetWrokingTests.xctest */ = {isa = PBXFileReference; explicitFileType = wrapper.cfbundle; includeInIndex = 0; path = MyNetWrokingTests.xctest; sourceTree = BUILT_PRODUCTS_DIR; };
		56D171AF20DA4C3C0084CDE1 /* MyNetWrokingTests.m */ = {isa = PBXFileReference; lastKnownFileType = sourcecode.c.objc; path = MyNetWrokingTests.m; sourceTree = "<group>"; };
		56D171B120DA4C3C0084CDE1 /* Info.plist */ = {isa = PBXFileReference; lastKnownFileType = text.plist.xml; path = Info.plist; sourceTree = "<group>"; };
		56D171B620DA4C3C0084CDE1 /* MyNetWrokingUITests.xctest */ = {isa = PBXFileReference; explicitFileType = wrapper.cfbundle; includeInIndex = 0; path = MyNetWrokingUITests.xctest; sourceTree = BUILT_PRODUCTS_DIR; };
		56D171BA20DA4C3C0084CDE1 /* MyNetWrokingUITests.m */ = {isa = PBXFileReference; lastKnownFileType = sourcecode.c.objc; path = MyNetWrokingUITests.m; sourceTree = "<group>"; };
		56D171BC20DA4C3C0084CDE1 /* Info.plist */ = {isa = PBXFileReference; lastKnownFileType = text.plist.xml; path = Info.plist; sourceTree = "<group>"; };
/* End PBXFileReference section */

/* Begin PBXFrameworksBuildPhase section */
		56D1719020DA4C370084CDE1 /* Frameworks */ = {
			isa = PBXFrameworksBuildPhase;
			buildActionMask = 2147483647;
			files = (
			);
			runOnlyForDeploymentPostprocessing = 0;
		};
		56D171A820DA4C3C0084CDE1 /* Frameworks */ = {
			isa = PBXFrameworksBuildPhase;
			buildActionMask = 2147483647;
			files = (
			);
			runOnlyForDeploymentPostprocessing = 0;
		};
		56D171B320DA4C3C0084CDE1 /* Frameworks */ = {
			isa = PBXFrameworksBuildPhase;
			buildActionMask = 2147483647;
			files = (
			);
			runOnlyForDeploymentPostprocessing = 0;
		};
/* End PBXFrameworksBuildPhase section */

/* Begin PBXGroup section */
		56D1718A20DA4C370084CDE1 = {
			isa = PBXGroup;
			children = (
				56D1719520DA4C370084CDE1 /* MyNetWroking */,
				56D171AE20DA4C3C0084CDE1 /* MyNetWrokingTests */,
				56D171B920DA4C3C0084CDE1 /* MyNetWrokingUITests */,
				56D1719420DA4C370084CDE1 /* Products */,
			);
			sourceTree = "<group>";
		};
		56D1719420DA4C370084CDE1 /* Products */ = {
			isa = PBXGroup;
			children = (
				56D1719320DA4C370084CDE1 /* MyNetWroking.app */,
				56D171AB20DA4C3C0084CDE1 /* MyNetWrokingTests.xctest */,
				56D171B620DA4C3C0084CDE1 /* MyNetWrokingUITests.xctest */,
			);
			name = Products;
			sourceTree = "<group>";
		};
		56D1719520DA4C370084CDE1 /* MyNetWroking */ = {
			isa = PBXGroup;
			children = (
				56D1719620DA4C370084CDE1 /* AppDelegate.h */,
				56D1719720DA4C370084CDE1 /* AppDelegate.m */,
				56D1719920DA4C370084CDE1 /* ViewController.h */,
				56D1719A20DA4C370084CDE1 /* ViewController.m */,
				56D1719C20DA4C370084CDE1 /* Main.storyboard */,
				56D1719F20DA4C3C0084CDE1 /* Assets.xcassets */,
				56D171A120DA4C3C0084CDE1 /* LaunchScreen.storyboard */,
				56D171A420DA4C3C0084CDE1 /* Info.plist */,
				56D171A520DA4C3C0084CDE1 /* main.m */,
			);
			path = MyNetWroking;
			sourceTree = "<group>";
		};
		56D171AE20DA4C3C0084CDE1 /* MyNetWrokingTests */ = {
			isa = PBXGroup;
			children = (
				56D171AF20DA4C3C0084CDE1 /* MyNetWrokingTests.m */,
				56D171B120DA4C3C0084CDE1 /* Info.plist */,
			);
			path = MyNetWrokingTests;
			sourceTree = "<group>";
		};
		56D171B920DA4C3C0084CDE1 /* MyNetWrokingUITests */ = {
			isa = PBXGroup;
			children = (
				56D171BA20DA4C3C0084CDE1 /* MyNetWrokingUITests.m */,
				56D171BC20DA4C3C0084CDE1 /* Info.plist */,
			);
			path = MyNetWrokingUITests;
			sourceTree = "<group>";
		};
/* End PBXGroup section */

/* Begin PBXNativeTarget section */
		56D1719220DA4C370084CDE1 /* MyNetWroking */ = {
			isa = PBXNativeTarget;
			buildConfigurationList = 56D171BF20DA4C3C0084CDE1 /* Build configuration list for PBXNativeTarget "MyNetWroking" */;
			buildPhases = (
				56D1718F20DA4C370084CDE1 /* Sources */,
				56D1719020DA4C370084CDE1 /* Frameworks */,
				56D1719120DA4C370084CDE1 /* Resources */,
			);
			buildRules = (
			);
			dependencies = (
			);
			name = MyNetWroking;
			productName = MyNetWroking;
			productReference = 56D1719320DA4C370084CDE1 /* MyNetWroking.app */;
			productType = "com.apple.product-type.application";
		};
		56D171AA20DA4C3C0084CDE1 /* MyNetWrokingTests */ = {
			isa = PBXNativeTarget;
			buildConfigurationList = 56D171C220DA4C3C0084CDE1 /* Build configuration list for PBXNativeTarget "MyNetWrokingTests" */;
			buildPhases = (
				56D171A720DA4C3C0084CDE1 /* Sources */,
				56D171A820DA4C3C0084CDE1 /* Frameworks */,
				56D171A920DA4C3C0084CDE1 /* Resources */,
			);
			buildRules = (
			);
			dependencies = (
				56D171AD20DA4C3C0084CDE1 /* PBXTargetDependency */,
			);
			name = MyNetWrokingTests;
			productName = MyNetWrokingTests;
			productReference = 56D171AB20DA4C3C0084CDE1 /* MyNetWrokingTests.xctest */;
			productType = "com.apple.product-type.bundle.unit-test";
		};
		56D171B520DA4C3C0084CDE1 /* MyNetWrokingUITests */ = {
			isa = PBXNativeTarget;
			buildConfigurationList = 56D171C520DA4C3C0084CDE1 /* Build configuration list for PBXNativeTarget "MyNetWrokingUITests" */;
			buildPhases = (
				56D171B220DA4C3C0084CDE1 /* Sources */,
				56D171B320DA4C3C0084CDE1 /* Frameworks */,
				56D171B420DA4C3C0084CDE1 /* Resources */,
			);
			buildRules = (
			);
			dependencies = (
				56D171B820DA4C3C0084CDE1 /* PBXTargetDependency */,
			);
			name = MyNetWrokingUITests;
			productName = MyNetWrokingUITests;
			productReference = 56D171B620DA4C3C0084CDE1 /* MyNetWrokingUITests.xctest */;
			productType = "com.apple.product-type.bundle.ui-testing";
		};
/* End PBXNativeTarget section */

/* Begin PBXProject section */
		56D1718B20DA4C370084CDE1 /* Project object */ = {
			isa = PBXProject;
			attributes = {
				LastUpgradeCheck = 0930;
				ORGANIZATIONNAME = "ac hu";
				TargetAttributes = {
					56D1719220DA4C370084CDE1 = {
						CreatedOnToolsVersion = 9.3.1;
					};
					56D171AA20DA4C3C0084CDE1 = {
						CreatedOnToolsVersion = 9.3.1;
						TestTargetID = 56D1719220DA4C370084CDE1;
					};
					56D171B520DA4C3C0084CDE1 = {
						CreatedOnToolsVersion = 9.3.1;
						TestTargetID = 56D1719220DA4C370084CDE1;
					};
				};
			};
			buildConfigurationList = 56D1718E20DA4C370084CDE1 /* Build configuration list for PBXProject "MyNetWroking" */;
			compatibilityVersion = "Xcode 9.3";
			developmentRegion = en;
			hasScannedForEncodings = 0;
			knownRegions = (
				en,
				Base,
			);
			mainGroup = 56D1718A20DA4C370084CDE1;
			productRefGroup = 56D1719420DA4C370084CDE1 /* Products */;
			projectDirPath = "";
			projectRoot = "";
			targets = (
				56D1719220DA4C370084CDE1 /* MyNetWroking */,
				56D171AA20DA4C3C0084CDE1 /* MyNetWrokingTests */,
				56D171B520DA4C3C0084CDE1 /* MyNetWrokingUITests */,
			);
		};
/* End PBXProject section */

/* Begin PBXResourcesBuildPhase section */
		56D1719120DA4C370084CDE1 /* Resources */ = {
			isa = PBXResourcesBuildPhase;
			buildActionMask = 2147483647;
			files = (
				56D171A320DA4C3C0084CDE1 /* LaunchScreen.storyboard in Resources */,
				56D171A020DA4C3C0084CDE1 /* Assets.xcassets in Resources */,
				56D1719E20DA4C370084CDE1 /* Main.storyboard in Resources */,
			);
			runOnlyForDeploymentPostprocessing = 0;
		};
		56D171A920DA4C3C0084CDE1 /* Resources */ = {
			isa = PBXResourcesBuildPhase;
			buildActionMask = 2147483647;
			files = (
			);
			runOnlyForDeploymentPostprocessing = 0;
		};
		56D171B420DA4C3C0084CDE1 /* Resources */ = {
			isa = PBXResourcesBuildPhase;
			buildActionMask = 2147483647;
			files = (
			);
			runOnlyForDeploymentPostprocessing = 0;
		};
/* End PBXResourcesBuildPhase section */

/* Begin PBXSourcesBuildPhase section */
		56D1718F20DA4C370084CDE1 /* Sources */ = {
			isa = PBXSourcesBuildPhase;
			buildActionMask = 2147483647;
			files = (
				56D1719B20DA4C370084CDE1 /* ViewController.m in Sources */,
				56D171A620DA4C3C0084CDE1 /* main.m in Sources */,
				56D1719820DA4C370084CDE1 /* AppDelegate.m in Sources */,
			);
			runOnlyForDeploymentPostprocessing = 0;
		};
		56D171A720DA4C3C0084CDE1 /* Sources */ = {
			isa = PBXSourcesBuildPhase;
			buildActionMask = 2147483647;
			files = (
				56D171B020DA4C3C0084CDE1 /* MyNetWrokingTests.m in Sources */,
			);
			runOnlyForDeploymentPostprocessing = 0;
		};
		56D171B220DA4C3C0084CDE1 /* Sources */ = {
			isa = PBXSourcesBuildPhase;
			buildActionMask = 2147483647;
			files = (
				56D171BB20DA4C3C0084CDE1 /* MyNetWrokingUITests.m in Sources */,
			);
			runOnlyForDeploymentPostprocessing = 0;
		};
/* End PBXSourcesBuildPhase section */

/* Begin PBXTargetDependency section */
		56D171AD20DA4C3C0084CDE1 /* PBXTargetDependency */ = {
			isa = PBXTargetDependency;
			target = 56D1719220DA4C370084CDE1 /* MyNetWroking */;
			targetProxy = 56D171AC20DA4C3C0084CDE1 /* PBXContainerItemProxy */;
		};
		56D171B820DA4C3C0084CDE1 /* PBXTargetDependency */ = {
			isa = PBXTargetDependency;
			target = 56D1719220DA4C370084CDE1 /* MyNetWroking */;
			targetProxy = 56D171B720DA4C3C0084CDE1 /* PBXContainerItemProxy */;
		};
/* End PBXTargetDependency section */

/* Begin PBXVariantGroup section */
		56D1719C20DA4C370084CDE1 /* Main.storyboard */ = {
			isa = PBXVariantGroup;
			children = (
				56D1719D20DA4C370084CDE1 /* Base */,
			);
			name = Main.storyboard;
			sourceTree = "<group>";
		};
		56D171A120DA4C3C0084CDE1 /* LaunchScreen.storyboard */ = {
			isa = PBXVariantGroup;
			children = (
				56D171A220DA4C3C0084CDE1 /* Base */,
			);
			name = LaunchScreen.storyboard;
			sourceTree = "<group>";
		};
/* End PBXVariantGroup section */

/* Begin XCBuildConfiguration section */
		56D171BD20DA4C3C0084CDE1 /* Debug */ = {
			isa = XCBuildConfiguration;
			buildSettings = {
				ALWAYS_SEARCH_USER_PATHS = NO;
				CLANG_ANALYZER_NONNULL = YES;
				CLANG_ANALYZER_NUMBER_OBJECT_CONVERSION = YES_AGGRESSIVE;
				CLANG_CXX_LANGUAGE_STANDARD = "gnu++14";
				CLANG_CXX_LIBRARY = "libc++";
				CLANG_ENABLE_MODULES = YES;
				CLANG_ENABLE_OBJC_ARC = YES;
				CLANG_ENABLE_OBJC_WEAK = YES;
				CLANG_WARN_BLOCK_CAPTURE_AUTORELEASING = YES;
				CLANG_WARN_BOOL_CONVERSION = YES;
				CLANG_WARN_COMMA = YES;
				CLANG_WARN_CONSTANT_CONVERSION = YES;
				CLANG_WARN_DEPRECATED_OBJC_IMPLEMENTATIONS = YES;
				CLANG_WARN_DIRECT_OBJC_ISA_USAGE = YES_ERROR;
				CLANG_WARN_DOCUMENTATION_COMMENTS = YES;
				CLANG_WARN_EMPTY_BODY = YES;
				CLANG_WARN_ENUM_CONVERSION = YES;
				CLANG_WARN_INFINITE_RECURSION = YES;
				CLANG_WARN_INT_CONVERSION = YES;
				CLANG_WARN_NON_LITERAL_NULL_CONVERSION = YES;
				CLANG_WARN_OBJC_IMPLICIT_RETAIN_SELF = YES;
				CLANG_WARN_OBJC_LITERAL_CONVERSION = YES;
				CLANG_WARN_OBJC_ROOT_CLASS = YES_ERROR;
				CLANG_WARN_RANGE_LOOP_ANALYSIS = YES;
				CLANG_WARN_STRICT_PROTOTYPES = YES;
				CLANG_WARN_SUSPICIOUS_MOVE = YES;
				CLANG_WARN_UNGUARDED_AVAILABILITY = YES_AGGRESSIVE;
				CLANG_WARN_UNREACHABLE_CODE = YES;
				CLANG_WARN__DUPLICATE_METHOD_MATCH = YES;
				CODE_SIGN_IDENTITY = "iPhone Developer";
				COPY_PHASE_STRIP = NO;
				DEBUG_INFORMATION_FORMAT = dwarf;
				ENABLE_STRICT_OBJC_MSGSEND = YES;
				ENABLE_TESTABILITY = YES;
				GCC_C_LANGUAGE_STANDARD = gnu11;
				GCC_DYNAMIC_NO_PIC = NO;
				GCC_NO_COMMON_BLOCKS = YES;
				GCC_OPTIMIZATION_LEVEL = 0;
				GCC_PREPROCESSOR_DEFINITIONS = (
					"DEBUG=1",
					"$(inherited)",
				);
				GCC_WARN_64_TO_32_BIT_CONVERSION = YES;
				GCC_WARN_ABOUT_RETURN_TYPE = YES_ERROR;
				GCC_WARN_UNDECLARED_SELECTOR = YES;
				GCC_WARN_UNINITIALIZED_AUTOS = YES_AGGRESSIVE;
				GCC_WARN_UNUSED_FUNCTION = YES;
				GCC_WARN_UNUSED_VARIABLE = YES;
				IPHONEOS_DEPLOYMENT_TARGET = 11.3;
				MTL_ENABLE_DEBUG_INFO = YES;
				ONLY_ACTIVE_ARCH = YES;
				SDKROOT = iphoneos;
			};
			name = Debug;
		};
		56D171BE20DA4C3C0084CDE1 /* Release */ = {
			isa = XCBuildConfiguration;
			buildSettings = {
				ALWAYS_SEARCH_USER_PATHS = NO;
				CLANG_ANALYZER_NONNULL = YES;
				CLANG_ANALYZER_NUMBER_OBJECT_CONVERSION = YES_AGGRESSIVE;
				CLANG_CXX_LANGUAGE_STANDARD = "gnu++14";
				CLANG_CXX_LIBRARY = "libc++";
				CLANG_ENABLE_MODULES = YES;
				CLANG_ENABLE_OBJC_ARC = YES;
				CLANG_ENABLE_OBJC_WEAK = YES;
				CLANG_WARN_BLOCK_CAPTURE_AUTORELEASING = YES;
				CLANG_WARN_BOOL_CONVERSION = YES;
				CLANG_WARN_COMMA = YES;
				CLANG_WARN_CONSTANT_CONVERSION = YES;
				CLANG_WARN_DEPRECATED_OBJC_IMPLEMENTATIONS = YES;
				CLANG_WARN_DIRECT_OBJC_ISA_USAGE = YES_ERROR;
				CLANG_WARN_DOCUMENTATION_COMMENTS = YES;
				CLANG_WARN_EMPTY_BODY = YES;
				CLANG_WARN_ENUM_CONVERSION = YES;
				CLANG_WARN_INFINITE_RECURSION = YES;
				CLANG_WARN_INT_CONVERSION = YES;
				CLANG_WARN_NON_LITERAL_NULL_CONVERSION = YES;
				CLANG_WARN_OBJC_IMPLICIT_RETAIN_SELF = YES;
				CLANG_WARN_OBJC_LITERAL_CONVERSION = YES;
				CLANG_WARN_OBJC_ROOT_CLASS = YES_ERROR;
				CLANG_WARN_RANGE_LOOP_ANALYSIS = YES;
				CLANG_WARN_STRICT_PROTOTYPES = YES;
				CLANG_WARN_SUSPICIOUS_MOVE = YES;
				CLANG_WARN_UNGUARDED_AVAILABILITY = YES_AGGRESSIVE;
				CLANG_WARN_UNREACHABLE_CODE = YES;
				CLANG_WARN__DUPLICATE_METHOD_MATCH = YES;
				CODE_SIGN_IDENTITY = "iPhone Developer";
				COPY_PHASE_STRIP = NO;
				DEBUG_INFORMATION_FORMAT = "dwarf-with-dsym";
				ENABLE_NS_ASSERTIONS = NO;
				ENABLE_STRICT_OBJC_MSGSEND = YES;
				GCC_C_LANGUAGE_STANDARD = gnu11;
				GCC_NO_COMMON_BLOCKS = YES;
				GCC_WARN_64_TO_32_BIT_CONVERSION = YES;
				GCC_WARN_ABOUT_RETURN_TYPE = YES_ERROR;
				GCC_WARN_UNDECLARED_SELECTOR = YES;
				GCC_WARN_UNINITIALIZED_AUTOS = YES_AGGRESSIVE;
				GCC_WARN_UNUSED_FUNCTION = YES;
				GCC_WARN_UNUSED_VARIABLE = YES;
				IPHONEOS_DEPLOYMENT_TARGET = 11.3;
				MTL_ENABLE_DEBUG_INFO = NO;
				SDKROOT = iphoneos;
				VALIDATE_PRODUCT = YES;
			};
			name = Release;
		};
		56D171C020DA4C3C0084CDE1 /* Debug */ = {
			isa = XCBuildConfiguration;
			buildSettings = {
				ASSETCATALOG_COMPILER_APPICON_NAME = AppIcon;
				CODE_SIGN_STYLE = Automatic;
				INFOPLIST_FILE = MyNetWroking/Info.plist;
				LD_RUNPATH_SEARCH_PATHS = (
					"$(inherited)",
					"@executable_path/Frameworks",
				);
				PRODUCT_BUNDLE_IDENTIFIER = com.xingou.jxliteDev.MyNetWroking;
				PRODUCT_NAME = "$(TARGET_NAME)";
				TARGETED_DEVICE_FAMILY = "1,2";
			};
			name = Debug;
		};
		56D171C120DA4C3C0084CDE1 /* Release */ = {
			isa = XCBuildConfiguration;
			buildSettings = {
				ASSETCATALOG_COMPILER_APPICON_NAME = AppIcon;
				CODE_SIGN_STYLE = Automatic;
				INFOPLIST_FILE = MyNetWroking/Info.plist;
				LD_RUNPATH_SEARCH_PATHS = (
					"$(inherited)",
					"@executable_path/Frameworks",
				);
				PRODUCT_BUNDLE_IDENTIFIER = com.xingou.jxliteDev.MyNetWroking;
				PRODUCT_NAME = "$(TARGET_NAME)";
				TARGETED_DEVICE_FAMILY = "1,2";
			};
			name = Release;
		};
		56D171C320DA4C3C0084CDE1 /* Debug */ = {
			isa = XCBuildConfiguration;
			buildSettings = {
				BUNDLE_LOADER = "$(TEST_HOST)";
				CODE_SIGN_STYLE = Automatic;
				INFOPLIST_FILE = MyNetWrokingTests/Info.plist;
				LD_RUNPATH_SEARCH_PATHS = (
					"$(inherited)",
					"@executable_path/Frameworks",
					"@loader_path/Frameworks",
				);
				PRODUCT_BUNDLE_IDENTIFIER = com.xingou.jxliteDev.MyNetWrokingTests;
				PRODUCT_NAME = "$(TARGET_NAME)";
				TARGETED_DEVICE_FAMILY = "1,2";
				TEST_HOST = "$(BUILT_PRODUCTS_DIR)/MyNetWroking.app/MyNetWroking";
			};
			name = Debug;
		};
		56D171C420DA4C3C0084CDE1 /* Release */ = {
			isa = XCBuildConfiguration;
			buildSettings = {
				BUNDLE_LOADER = "$(TEST_HOST)";
				CODE_SIGN_STYLE = Automatic;
				INFOPLIST_FILE = MyNetWrokingTests/Info.plist;
				LD_RUNPATH_SEARCH_PATHS = (
					"$(inherited)",
					"@executable_path/Frameworks",
					"@loader_path/Frameworks",
				);
				PRODUCT_BUNDLE_IDENTIFIER = com.xingou.jxliteDev.MyNetWrokingTests;
				PRODUCT_NAME = "$(TARGET_NAME)";
				TARGETED_DEVICE_FAMILY = "1,2";
				TEST_HOST = "$(BUILT_PRODUCTS_DIR)/MyNetWroking.app/MyNetWroking";
			};
			name = Release;
		};
		56D171C620DA4C3C0084CDE1 /* Debug */ = {
			isa = XCBuildConfiguration;
			buildSettings = {
				CODE_SIGN_STYLE = Automatic;
				INFOPLIST_FILE = MyNetWrokingUITests/Info.plist;
				LD_RUNPATH_SEARCH_PATHS = (
					"$(inherited)",
					"@executable_path/Frameworks",
					"@loader_path/Frameworks",
				);
				PRODUCT_BUNDLE_IDENTIFIER = com.xingou.jxliteDev.MyNetWrokingUITests;
				PRODUCT_NAME = "$(TARGET_NAME)";
				TARGETED_DEVICE_FAMILY = "1,2";
				TEST_TARGET_NAME = MyNetWroking;
			};
			name = Debug;
		};
		56D171C720DA4C3C0084CDE1 /* Release */ = {
			isa = XCBuildConfiguration;
			buildSettings = {
				CODE_SIGN_STYLE = Automatic;
				INFOPLIST_FILE = MyNetWrokingUITests/Info.plist;
				LD_RUNPATH_SEARCH_PATHS = (
					"$(inherited)",
					"@executable_path/Frameworks",
					"@loader_path/Frameworks",
				);
				PRODUCT_BUNDLE_IDENTIFIER = com.xingou.jxliteDev.MyNetWrokingUITests;
				PRODUCT_NAME = "$(TARGET_NAME)";
				TARGETED_DEVICE_FAMILY = "1,2";
				TEST_TARGET_NAME = MyNetWroking;
			};
			name = Release;
		};
/* End XCBuildConfiguration section */

/* Begin XCConfigurationList section */
		56D1718E20DA4C370084CDE1 /* Build configuration list for PBXProject "MyNetWroking" */ = {
			isa = XCConfigurationList;
			buildConfigurations = (
				56D171BD20DA4C3C0084CDE1 /* Debug */,
				56D171BE20DA4C3C0084CDE1 /* Release */,
			);
			defaultConfigurationIsVisible = 0;
			defaultConfigurationName = Release;
		};
		56D171BF20DA4C3C0084CDE1 /* Build configuration list for PBXNativeTarget "MyNetWroking" */ = {
			isa = XCConfigurationList;
			buildConfigurations = (
				56D171C020DA4C3C0084CDE1 /* Debug */,
				56D171C120DA4C3C0084CDE1 /* Release */,
			);
			defaultConfigurationIsVisible = 0;
			defaultConfigurationName = Release;
		};
		56D171C220DA4C3C0084CDE1 /* Build configuration list for PBXNativeTarget "MyNetWrokingTests" */ = {
			isa = XCConfigurationList;
			buildConfigurations = (
				56D171C320DA4C3C0084CDE1 /* Debug */,
				56D171C420DA4C3C0084CDE1 /* Release */,
			);
			defaultConfigurationIsVisible = 0;
			defaultConfigurationName = Release;
		};
		56D171C520DA4C3C0084CDE1 /* Build configuration list for PBXNativeTarget "MyNetWrokingUITests" */ = {
			isa = XCConfigurationList;
			buildConfigurations = (
				56D171C620DA4C3C0084CDE1 /* Debug */,
				56D171C720DA4C3C0084CDE1 /* Release */,
			);
			defaultConfigurationIsVisible = 0;
			defaultConfigurationName = Release;
		};
/* End XCConfigurationList section */
	};
	rootObject = 56D1718B20DA4C370084CDE1 /* Project object */;
}
